
Microsoft Visual Studio Solution File, Format Version 12.00
# Visual Studio Version 16
VisualStudioVersion = 16.0.32228.343
MinimumVisualStudioVersion = 10.0.40219.1
Project("{FAE04EC0-301F-11D3-BF4B-00C04F79EFBC}") = "Task05", "Task05\Task05.csproj", "{21D0AF95-9A5B-46AD-B974-E6F507ACEA6B}"
EndProject
Project("{FAE04EC0-301F-11D3-BF4B-00C04F79EFBC}") = "ClassLibrary", "ClassLibrary\ClassLibrary.csproj", "{A655800C-9B6A-4FE0-9D8A-9B1633788CD2}"
EndProject
Global
	GlobalSection(SolutionConfigurationPlatforms) = preSolution
		Debug|Any CPU = Debug|Any CPU
		Release|Any CPU = Release|Any CPU
	EndGlobalSection
	GlobalSection(ProjectConfigurationPlatforms) = postSolution
		{21D0AF95-9A5B-46AD-B974-E6F507ACEA6B}.Debug|Any CPU.ActiveCfg = Debug|Any CPU
		{21D0AF95-9A5B-46AD-B974-E6F507ACEA6B}.Debug|Any CPU.Build.0 = Debug|Any CPU
		{21D0AF95-9A5B-46AD-B974-E6F507ACEA6B}.Release|Any CPU.ActiveCfg = Release|Any CPU
		{21D0AF95-9A5B-46AD-B974-E6F507ACEA6B}.Release|Any CPU.Build.0 = Release|Any CPU
		{A655800C-9B6A-4FE0-9D8A-9B1633788CD2}.Debug|Any CPU.ActiveCfg = Debug|Any CPU
		{A655800C-9B6A-4FE0-9D8A-9B1633788CD2}.Debug|Any CPU.Build.0 = Debug|Any CPU
		{A655800C-9B6A-4FE0-9D8A-9B1633788CD2}.Release|Any CPU.ActiveCfg = Release|Any CPU
		{A655800C-9B6A-4FE0-9D8A-9B1633788CD2}.Release|Any CPU.Build.0 = Release|Any CPU
	EndGlobalSection
	GlobalSection(SolutionProperties) = preSolution
		HideSolutionNode = FALSE
	EndGlobalSection
	GlobalSection(ExtensibilityGlobals) = postSolution
		SolutionGuid = {9C991319-0994-4594-B3DF-9F9DCB75CC87}
	EndGlobalSection
EndGlobal
